Microsoft Visual Studio Solution File, Format Version 12.00
Project("{9A19103F-16F7-4668-BE54-9A1E7A4F7556}") = "DogFood", "DogFood\DogFood.csproj", "{2DF4B2E1-99C0-4025-8FB5-F98685712720}"
EndProject
Global
	GlobalSection(SolutionConfigurationPlatforms) = preSolution
		Debug|Any CPU = Debug|Any CPU
		Release|Any CPU = Release|Any CPU
	EndGlobalSection
	GlobalSection(ProjectConfigurationPlatforms) = postSolution
		{2DF4B2E1-99C0-4025-8FB5-F98685712720}.Debug|Any CPU.ActiveCfg = Debug|Any CPU
		{2DF4B2E1-99C0-4025-8FB5-F98685712720}.Debug|Any CPU.Build.0 = Debug|Any CPU
		{2DF4B2E1-99C0-4025-8FB5-F98685712720}.Release|Any CPU.ActiveCfg = Release|Any CPU
		{2DF4B2E1-99C0-4025-8FB5-F98685712720}.Release|Any CPU.Build.0 = Release|Any CPU
	EndGlobalSection
	GlobalSection(SolutionProperties) = preSolution
		HideSolutionNode = FALSE
	EndGlobalSection
	GlobalSection(ExtensibilityGlobals) = postSolution
		SolutionGuid = {97F3A22E-FD72-4761-9BDD-4F9677B778B3}
	EndGlobalSection
EndGlobal
